
Microsoft Visual Studio Solution File, Format Version 12.00
# Visual Studio Version 16
VisualStudioVersion = 16.0.31624.102
MinimumVisualStudioVersion = 10.0.40219.1
Project("{FAE04EC0-301F-11D3-BF4B-00C04F79EFBC}") = "ConsoleApp1", "ConsoleApp1.csproj", "{21E023FD-AC34-475E-93CC-BF1370EE5FDD}"
EndProject
Global
	GlobalSection(SolutionConfigurationPlatforms) = preSolution
		Debug|Any CPU = Debug|Any CPU
		Release|Any CPU = Release|Any CPU
	EndGlobalSection
	GlobalSection(ProjectConfigurationPlatforms) = postSolution
		{21E023FD-AC34-475E-93CC-BF1370EE5FDD}.Debug|Any CPU.ActiveCfg = Debug|Any CPU
		{21E023FD-AC34-475E-93CC-BF1370EE5FDD}.Debug|Any CPU.Build.0 = Debug|Any CPU
		{21E023FD-AC34-475E-93CC-BF1370EE5FDD}.Release|Any CPU.ActiveCfg = Release|Any CPU
		{21E023FD-AC34-475E-93CC-BF1370EE5FDD}.Release|Any CPU.Build.0 = Release|Any CPU
	EndGlobalSection
	GlobalSection(SolutionProperties) = preSolution
		HideSolutionNode = FALSE
	EndGlobalSection
	GlobalSection(ExtensibilityGlobals) = postSolution
		SolutionGuid = {66D93360-1B48-4DEE-924B-55EE30499DFD}
	EndGlobalSection
EndGlobal
